// !$*UTF8*$!
{
	archiveVersion = 1;
	classes = {
	};
	objectVersion = 50;
	objects = {

/* Begin PBXBuildFile section */
		0208EA07217ECEA90081A41C /* Forecast+Resource.swift in Sources */ = {isa = PBXBuildFile; fileRef = 0208EA06217ECEA90081A41C /* Forecast+Resource.swift */; };
		021C1DA5218520BD006F0CC6 /* Help.html in Resources */ = {isa = PBXBuildFile; fileRef = 021C1DA4218520BD006F0CC6 /* Help.html */; };
		021C1DA7218520D5006F0CC6 /* HelpViewController.swift in Sources */ = {isa = PBXBuildFile; fileRef = 021C1DA6218520D5006F0CC6 /* HelpViewController.swift */; };
		021C1DB121852452006F0CC6 /* Pod.swift in Sources */ = {isa = PBXBuildFile; fileRef = 021C1DB021852452006F0CC6 /* Pod.swift */; };
		021C1DB321852471006F0CC6 /* WeatherDescription.swift in Sources */ = {isa = PBXBuildFile; fileRef = 021C1DB221852471006F0CC6 /* WeatherDescription.swift */; };
		021C1DB521852494006F0CC6 /* Icon.swift in Sources */ = {isa = PBXBuildFile; fileRef = 021C1DB421852494006F0CC6 /* Icon.swift */; };
		021C1DB7218524AB006F0CC6 /* WeatherCondition.swift in Sources */ = {isa = PBXBuildFile; fileRef = 021C1DB6218524AB006F0CC6 /* WeatherCondition.swift */; };
		021C1DB9218524DE006F0CC6 /* Clouds.swift in Sources */ = {isa = PBXBuildFile; fileRef = 021C1DB8218524DE006F0CC6 /* Clouds.swift */; };
		021C1DBB21852510006F0CC6 /* WeatherDetails.swift in Sources */ = {isa = PBXBuildFile; fileRef = 021C1DBA21852510006F0CC6 /* WeatherDetails.swift */; };
		021C1DBD2185252C006F0CC6 /* Weather.swift in Sources */ = {isa = PBXBuildFile; fileRef = 021C1DBC2185252C006F0CC6 /* Weather.swift */; };
		021C1DBF21852546006F0CC6 /* Rain.swift in Sources */ = {isa = PBXBuildFile; fileRef = 021C1DBE21852546006F0CC6 /* Rain.swift */; };
		021C1DC121852556006F0CC6 /* Snow.swift in Sources */ = {isa = PBXBuildFile; fileRef = 021C1DC021852556006F0CC6 /* Snow.swift */; };
		021C1DC321852567006F0CC6 /* Sys.swift in Sources */ = {isa = PBXBuildFile; fileRef = 021C1DC221852567006F0CC6 /* Sys.swift */; };
		021C1DC521852583006F0CC6 /* Wind.swift in Sources */ = {isa = PBXBuildFile; fileRef = 021C1DC421852583006F0CC6 /* Wind.swift */; };
		027E1D292185FE3700F89F4E /* ViewConfiguration.swift in Sources */ = {isa = PBXBuildFile; fileRef = 027E1D282185FE3700F89F4E /* ViewConfiguration.swift */; };
		027E1D2B2185FF3300F89F4E /* UserDefaults.swift in Sources */ = {isa = PBXBuildFile; fileRef = 027E1D2A2185FF3300F89F4E /* UserDefaults.swift */; };
		027E1D2D2185FF7300F89F4E /* MapViewController.swift in Sources */ = {isa = PBXBuildFile; fileRef = 027E1D2C2185FF7300F89F4E /* MapViewController.swift */; };
		027E1D2F2186555100F89F4E /* WeatherDetailView.swift in Sources */ = {isa = PBXBuildFile; fileRef = 027E1D2E2186555100F89F4E /* WeatherDetailView.swift */; };
		029D866F217A961900AF23D1 /* AppDelegate.swift in Sources */ = {isa = PBXBuildFile; fileRef = 029D866E217A961900AF23D1 /* AppDelegate.swift */; };
		029D8671217A961900AF23D1 /* HomeViewController.swift in Sources */ = {isa = PBXBuildFile; fileRef = 029D8670217A961900AF23D1 /* HomeViewController.swift */; };
		029D8674217A961900AF23D1 /* Main.storyboard in Resources */ = {isa = PBXBuildFile; fileRef = 029D8672217A961900AF23D1 /* Main.storyboard */; };
		029D8676217A961A00AF23D1 /* Assets.xcassets in Resources */ = {isa = PBXBuildFile; fileRef = 029D8675217A961A00AF23D1 /* Assets.xcassets */; };
		029D8679217A961A00AF23D1 /* LaunchScreen.storyboard in Resources */ = {isa = PBXBuildFile; fileRef = 029D8677217A961A00AF23D1 /* LaunchScreen.storyboard */; };
		029D8684217A961A00AF23D1 /* WeatherTests.swift in Sources */ = {isa = PBXBuildFile; fileRef = 029D8683217A961A00AF23D1 /* WeatherTests.swift */; };
		029D868F217AEF3C00AF23D1 /* ForecastItem.swift in Sources */ = {isa = PBXBuildFile; fileRef = 029D868E217AEF3C00AF23D1 /* ForecastItem.swift */; };
		029D8691217AF0DA00AF23D1 /* HttpMethod.swift in Sources */ = {isa = PBXBuildFile; fileRef = 029D8690217AF0DA00AF23D1 /* HttpMethod.swift */; };
		029D8693217AF0FE00AF23D1 /* URLRequest+Resource.swift in Sources */ = {isa = PBXBuildFile; fileRef = 029D8692217AF0FE00AF23D1 /* URLRequest+Resource.swift */; };
		029D8695217AF12800AF23D1 /* HTTPStatusCode.swift in Sources */ = {isa = PBXBuildFile; fileRef = 029D8694217AF12800AF23D1 /* HTTPStatusCode.swift */; };
		029D8697217AF18300AF23D1 /* Resource.swift in Sources */ = {isa = PBXBuildFile; fileRef = 029D8696217AF18300AF23D1 /* Resource.swift */; };
		029D8699217B68D600AF23D1 /* ForecastItem+Resource.swift in Sources */ = {isa = PBXBuildFile; fileRef = 029D8698217B68D600AF23D1 /* ForecastItem+Resource.swift */; };
		029D869B217B6A1000AF23D1 /* Optional.swift in Sources */ = {isa = PBXBuildFile; fileRef = 029D869A217B6A1000AF23D1 /* Optional.swift */; };
		029D869D217B6A3900AF23D1 /* WeatherAPIConfig.swift in Sources */ = {isa = PBXBuildFile; fileRef = 029D869C217B6A3900AF23D1 /* WeatherAPIConfig.swift */; };
		029D869F217B7C5300AF23D1 /* Coordinates.swift in Sources */ = {isa = PBXBuildFile; fileRef = 029D869E217B7C5300AF23D1 /* Coordinates.swift */; };
		029D86A1217B7F4500AF23D1 /* Webservice.swift in Sources */ = {isa = PBXBuildFile; fileRef = 029D86A0217B7F4500AF23D1 /* Webservice.swift */; };
		029D86A4217B9E6D00AF23D1 /* City.swift in Sources */ = {isa = PBXBuildFile; fileRef = 029D86A3217B9E6D00AF23D1 /* City.swift */; };
		029D86A6217C07F900AF23D1 /* 5day_forecast.json in Resources */ = {isa = PBXBuildFile; fileRef = 029D86A5217C07F900AF23D1 /* 5day_forecast.json */; };
		029D86A8217C085B00AF23D1 /* today_forecast.json in Resources */ = {isa = PBXBuildFile; fileRef = 029D86A7217C085B00AF23D1 /* today_forecast.json */; };
		029D86AA217D5FD800AF23D1 /* CityForecastViewController.swift in Sources */ = {isa = PBXBuildFile; fileRef = 029D86A9217D5FD800AF23D1 /* CityForecastViewController.swift */; };
		029D86AC217D61A600AF23D1 /* Forecast.swift in Sources */ = {isa = PBXBuildFile; fileRef = 029D86AB217D61A600AF23D1 /* Forecast.swift */; };
		CB7BB27318C49FC9570096FF /* WeatherDetailCell.swift in Sources */ = {isa = PBXBuildFile; fileRef = CB7BB9E9D7416C9927598F8B /* WeatherDetailCell.swift */; };
		CB7BB56D87F5F66A6B017456 /* Reusable.swift in Sources */ = {isa = PBXBuildFile; fileRef = CB7BB019BF61964BA1D04EBF /* Reusable.swift */; };
		CB7BB6522EDA415296421173 /* UITableView.swift in Sources */ = {isa = PBXBuildFile; fileRef = CB7BB4F7479949F7652B2329 /* UITableView.swift */; };
/* End PBXBuildFile section */

/* Begin PBXContainerItemProxy section */
		029D8680217A961A00AF23D1 /* PBXContainerItemProxy */ = {
			isa = PBXContainerItemProxy;
			containerPortal = 029D8663217A961900AF23D1 /* Project object */;
			proxyType = 1;
			remoteGlobalIDString = 029D866A217A961900AF23D1;
			remoteInfo = Weather;
		};
/* End PBXContainerItemProxy section */

/* Begin PBXFileReference section */
		0208EA06217ECEA90081A41C /* Forecast+Resource.swift */ = {isa = PBXFileReference; lastKnownFileType = sourcecode.swift; path = "Forecast+Resource.swift"; sourceTree = "<group>"; };
		021C1DA4218520BD006F0CC6 /* Help.html */ = {isa = PBXFileReference; fileEncoding = 4; lastKnownFileType = text.html; path = Help.html; sourceTree = "<group>"; };
		021C1DA6218520D5006F0CC6 /* HelpViewController.swift */ = {isa = PBXFileReference; lastKnownFileType = sourcecode.swift; path = HelpViewController.swift; sourceTree = "<group>"; };
		021C1DB021852452006F0CC6 /* Pod.swift */ = {isa = PBXFileReference; lastKnownFileType = sourcecode.swift; path = Pod.swift; sourceTree = "<group>"; };
		021C1DB221852471006F0CC6 /* WeatherDescription.swift */ = {isa = PBXFileReference; lastKnownFileType = sourcecode.swift; path = WeatherDescription.swift; sourceTree = "<group>"; };
		021C1DB421852494006F0CC6 /* Icon.swift */ = {isa = PBXFileReference; lastKnownFileType = sourcecode.swift; path = Icon.swift; sourceTree = "<group>"; };
		021C1DB6218524AB006F0CC6 /* WeatherCondition.swift */ = {isa = PBXFileReference; lastKnownFileType = sourcecode.swift; path = WeatherCondition.swift; sourceTree = "<group>"; };
		021C1DB8218524DE006F0CC6 /* Clouds.swift */ = {isa = PBXFileReference; lastKnownFileType = sourcecode.swift; path = Clouds.swift; sourceTree = "<group>"; };
		021C1DBA21852510006F0CC6 /* WeatherDetails.swift */ = {isa = PBXFileReference; lastKnownFileType = sourcecode.swift; path = WeatherDetails.swift; sourceTree = "<group>"; };
		021C1DBC2185252C006F0CC6 /* Weather.swift */ = {isa = PBXFileReference; lastKnownFileType = sourcecode.swift; path = Weather.swift; sourceTree = "<group>"; };
		021C1DBE21852546006F0CC6 /* Rain.swift */ = {isa = PBXFileReference; lastKnownFileType = sourcecode.swift; path = Rain.swift; sourceTree = "<group>"; };
		021C1DC021852556006F0CC6 /* Snow.swift */ = {isa = PBXFileReference; lastKnownFileType = sourcecode.swift; path = Snow.swift; sourceTree = "<group>"; };
		021C1DC221852567006F0CC6 /* Sys.swift */ = {isa = PBXFileReference; lastKnownFileType = sourcecode.swift; path = Sys.swift; sourceTree = "<group>"; };
		021C1DC421852583006F0CC6 /* Wind.swift */ = {isa = PBXFileReference; lastKnownFileType = sourcecode.swift; path = Wind.swift; sourceTree = "<group>"; };
		027E1D282185FE3700F89F4E /* ViewConfiguration.swift */ = {isa = PBXFileReference; lastKnownFileType = sourcecode.swift; path = ViewConfiguration.swift; sourceTree = "<group>"; };
		027E1D2A2185FF3300F89F4E /* UserDefaults.swift */ = {isa = PBXFileReference; lastKnownFileType = sourcecode.swift; path = UserDefaults.swift; sourceTree = "<group>"; };
		027E1D2C2185FF7300F89F4E /* MapViewController.swift */ = {isa = PBXFileReference; lastKnownFileType = sourcecode.swift; path = MapViewController.swift; sourceTree = "<group>"; };
		027E1D2E2186555100F89F4E /* WeatherDetailView.swift */ = {isa = PBXFileReference; lastKnownFileType = sourcecode.swift; path = WeatherDetailView.swift; sourceTree = "<group>"; };
		029D866B217A961900AF23D1 /* Weather.app */ = {isa = PBXFileReference; explicitFileType = wrapper.application; includeInIndex = 0; path = Weather.app; sourceTree = BUILT_PRODUCTS_DIR; };
		029D866E217A961900AF23D1 /* AppDelegate.swift */ = {isa = PBXFileReference; lastKnownFileType = sourcecode.swift; path = AppDelegate.swift; sourceTree = "<group>"; };
		029D8670217A961900AF23D1 /* HomeViewController.swift */ = {isa = PBXFileReference; lastKnownFileType = sourcecode.swift; path = HomeViewController.swift; sourceTree = "<group>"; };
		029D8673217A961900AF23D1 /* Base */ = {isa = PBXFileReference; lastKnownFileType = file.storyboard; name = Base; path = Base.lproj/Main.storyboard; sourceTree = "<group>"; };
		029D8675217A961A00AF23D1 /* Assets.xcassets */ = {isa = PBXFileReference; lastKnownFileType = folder.assetcatalog; path = Assets.xcassets; sourceTree = "<group>"; };
		029D8678217A961A00AF23D1 /* Base */ = {isa = PBXFileReference; lastKnownFileType = file.storyboard; name = Base; path = Base.lproj/LaunchScreen.storyboard; sourceTree = "<group>"; };
		029D867A217A961A00AF23D1 /* Info.plist */ = {isa = PBXFileReference; lastKnownFileType = text.plist.xml; path = Info.plist; sourceTree = "<group>"; };
		029D867F217A961A00AF23D1 /* WeatherTests.xctest */ = {isa = PBXFileReference; explicitFileType = wrapper.cfbundle; includeInIndex = 0; path = WeatherTests.xctest; sourceTree = BUILT_PRODUCTS_DIR; };
		029D8683217A961A00AF23D1 /* WeatherTests.swift */ = {isa = PBXFileReference; lastKnownFileType = sourcecode.swift; path = WeatherTests.swift; sourceTree = "<group>"; };
		029D8685217A961A00AF23D1 /* Info.plist */ = {isa = PBXFileReference; lastKnownFileType = text.plist.xml; path = Info.plist; sourceTree = "<group>"; };
		029D868E217AEF3C00AF23D1 /* ForecastItem.swift */ = {isa = PBXFileReference; lastKnownFileType = sourcecode.swift; path = ForecastItem.swift; sourceTree = "<group>"; };
		029D8690217AF0DA00AF23D1 /* HttpMethod.swift */ = {isa = PBXFileReference; lastKnownFileType = sourcecode.swift; path = HttpMethod.swift; sourceTree = "<group>"; };
		029D8692217AF0FE00AF23D1 /* URLRequest+Resource.swift */ = {isa = PBXFileReference; lastKnownFileType = sourcecode.swift; path = "URLRequest+Resource.swift"; sourceTree = "<group>"; };
		029D8694217AF12800AF23D1 /* HTTPStatusCode.swift */ = {isa = PBXFileReference; lastKnownFileType = sourcecode.swift; path = HTTPStatusCode.swift; sourceTree = "<group>"; };
		029D8696217AF18300AF23D1 /* Resource.swift */ = {isa = PBXFileReference; lastKnownFileType = sourcecode.swift; path = Resource.swift; sourceTree = "<group>"; };
		029D8698217B68D600AF23D1 /* ForecastItem+Resource.swift */ = {isa = PBXFileReference; lastKnownFileType = sourcecode.swift; path = "ForecastItem+Resource.swift"; sourceTree = "<group>"; };
		029D869A217B6A1000AF23D1 /* Optional.swift */ = {isa = PBXFileReference; lastKnownFileType = sourcecode.swift; path = Optional.swift; sourceTree = "<group>"; };
		029D869C217B6A3900AF23D1 /* WeatherAPIConfig.swift */ = {isa = PBXFileReference; lastKnownFileType = sourcecode.swift; path = WeatherAPIConfig.swift; sourceTree = "<group>"; };
		029D869E217B7C5300AF23D1 /* Coordinates.swift */ = {isa = PBXFileReference; lastKnownFileType = sourcecode.swift; path = Coordinates.swift; sourceTree = "<group>"; };
		029D86A0217B7F4500AF23D1 /* Webservice.swift */ = {isa = PBXFileReference; lastKnownFileType = sourcecode.swift; path = Webservice.swift; sourceTree = "<group>"; };
		029D86A3217B9E6D00AF23D1 /* City.swift */ = {isa = PBXFileReference; lastKnownFileType = sourcecode.swift; path = City.swift; sourceTree = "<group>"; };
		029D86A5217C07F900AF23D1 /* 5day_forecast.json */ = {isa = PBXFileReference; lastKnownFileType = text.json; path = 5day_forecast.json; sourceTree = "<group>"; };
		029D86A7217C085B00AF23D1 /* today_forecast.json */ = {isa = PBXFileReference; lastKnownFileType = text.json; path = today_forecast.json; sourceTree = "<group>"; };
		029D86A9217D5FD800AF23D1 /* CityForecastViewController.swift */ = {isa = PBXFileReference; lastKnownFileType = sourcecode.swift; path = CityForecastViewController.swift; sourceTree = "<group>"; };
		029D86AB217D61A600AF23D1 /* Forecast.swift */ = {isa = PBXFileReference; lastKnownFileType = sourcecode.swift; path = Forecast.swift; sourceTree = "<group>"; };
		CB7BB019BF61964BA1D04EBF /* Reusable.swift */ = {isa = PBXFileReference; fileEncoding = 4; lastKnownFileType = sourcecode.swift; path = Reusable.swift; sourceTree = "<group>"; };
		CB7BB4F7479949F7652B2329 /* UITableView.swift */ = {isa = PBXFileReference; fileEncoding = 4; lastKnownFileType = sourcecode.swift; path = UITableView.swift; sourceTree = "<group>"; };
		CB7BB9E9D7416C9927598F8B /* WeatherDetailCell.swift */ = {isa = PBXFileReference; fileEncoding = 4; lastKnownFileType = sourcecode.swift; path = WeatherDetailCell.swift; sourceTree = "<group>"; };
/* End PBXFileReference section */

/* Begin PBXFrameworksBuildPhase section */
		029D8668217A961900AF23D1 /* Frameworks */ = {
			isa = PBXFrameworksBuildPhase;
			buildActionMask = 2147483647;
			files = (
			);
			runOnlyForDeploymentPostprocessing = 0;
		};
		029D867C217A961A00AF23D1 /* Frameworks */ = {
			isa = PBXFrameworksBuildPhase;
			buildActionMask = 2147483647;
			files = (
			);
			runOnlyForDeploymentPostprocessing = 0;
		};
/* End PBXFrameworksBuildPhase section */

/* Begin PBXGroup section */
		021C1DA8218522C2006F0CC6 /* Help Screen */ = {
			isa = PBXGroup;
			children = (
				021C1DA6218520D5006F0CC6 /* HelpViewController.swift */,
				021C1DA4218520BD006F0CC6 /* Help.html */,
			);
			path = "Help Screen";
			sourceTree = "<group>";
		};
		021C1DA9218522E5006F0CC6 /* Home Scree */ = {
			isa = PBXGroup;
			children = (
				029D8670217A961900AF23D1 /* HomeViewController.swift */,
			);
			path = "Home Scree";
			sourceTree = "<group>";
		};
		021C1DAA21852301006F0CC6 /* Models */ = {
			isa = PBXGroup;
			children = (
				029D86A3217B9E6D00AF23D1 /* City.swift */,
				029D869E217B7C5300AF23D1 /* Coordinates.swift */,
				029D86AB217D61A600AF23D1 /* Forecast.swift */,
				029D868E217AEF3C00AF23D1 /* ForecastItem.swift */,
				021C1DB021852452006F0CC6 /* Pod.swift */,
				021C1DB221852471006F0CC6 /* WeatherDescription.swift */,
				021C1DB421852494006F0CC6 /* Icon.swift */,
				021C1DB6218524AB006F0CC6 /* WeatherCondition.swift */,
				021C1DB8218524DE006F0CC6 /* Clouds.swift */,
				021C1DBA21852510006F0CC6 /* WeatherDetails.swift */,
				021C1DBC2185252C006F0CC6 /* Weather.swift */,
				021C1DBE21852546006F0CC6 /* Rain.swift */,
				021C1DC021852556006F0CC6 /* Snow.swift */,
				021C1DC221852567006F0CC6 /* Sys.swift */,
				021C1DC421852583006F0CC6 /* Wind.swift */,
			);
			path = Models;
			sourceTree = "<group>";
		};
		021C1DAB2185231A006F0CC6 /* Extensions */ = {
			isa = PBXGroup;
			children = (
				029D869A217B6A1000AF23D1 /* Optional.swift */,
				027E1D2A2185FF3300F89F4E /* UserDefaults.swift */,
				CB7BB4F7479949F7652B2329 /* UITableView.swift */,
			);
			path = Extensions;
			sourceTree = "<group>";
		};
		021C1DAD2185237D006F0CC6 /* City View Controller */ = {
			isa = PBXGroup;
			children = (
				029D86A9217D5FD800AF23D1 /* CityForecastViewController.swift */,
				027E1D2E2186555100F89F4E /* WeatherDetailView.swift */,
				CB7BB9E9D7416C9927598F8B /* WeatherDetailCell.swift */,
				CB7BB019BF61964BA1D04EBF /* Reusable.swift */,
			);
			path = "City View Controller";
			sourceTree = "<group>";
		};
		021C1DAE218523B1006F0CC6 /* Fixtures */ = {
			isa = PBXGroup;
			children = (
				029D86A5217C07F900AF23D1 /* 5day_forecast.json */,
				029D86A7217C085B00AF23D1 /* today_forecast.json */,
			);
			path = Fixtures;
			sourceTree = "<group>";
		};
		021C1DAF218523E6006F0CC6 /* Resources */ = {
			isa = PBXGroup;
			children = (
				029D8675217A961A00AF23D1 /* Assets.xcassets */,
				029D8677217A961A00AF23D1 /* LaunchScreen.storyboard */,
				029D8672217A961900AF23D1 /* Main.storyboard */,
			);
			path = Resources;
			sourceTree = "<group>";
		};
		029D8662217A961900AF23D1 = {
			isa = PBXGroup;
			children = (
				029D866D217A961900AF23D1 /* Weather */,
				029D8682217A961A00AF23D1 /* WeatherTests */,
				029D866C217A961900AF23D1 /* Products */,
			);
			sourceTree = "<group>";
		};
		029D866C217A961900AF23D1 /* Products */ = {
			isa = PBXGroup;
			children = (
				029D866B217A961900AF23D1 /* Weather.app */,
				029D867F217A961A00AF23D1 /* WeatherTests.xctest */,
			);
			name = Products;
			sourceTree = "<group>";
		};
		029D866D217A961900AF23D1 /* Weather */ = {
			isa = PBXGroup;
			children = (
				029D866E217A961900AF23D1 /* AppDelegate.swift */,
				029D867A217A961A00AF23D1 /* Info.plist */,
				021C1DAD2185237D006F0CC6 /* City View Controller */,
				021C1DAB2185231A006F0CC6 /* Extensions */,
				021C1DA8218522C2006F0CC6 /* Help Screen */,
				021C1DA9218522E5006F0CC6 /* Home Scree */,
				021C1DAA21852301006F0CC6 /* Models */,
				029D86A2217B9CE800AF23D1 /* Network */,
				021C1DAF218523E6006F0CC6 /* Resources */,
				027E1D282185FE3700F89F4E /* ViewConfiguration.swift */,
				027E1D2C2185FF7300F89F4E /* MapViewController.swift */,
			);
			path = Weather;
			sourceTree = "<group>";
		};
		029D8682217A961A00AF23D1 /* WeatherTests */ = {
			isa = PBXGroup;
			children = (
				021C1DAE218523B1006F0CC6 /* Fixtures */,
				029D8683217A961A00AF23D1 /* WeatherTests.swift */,
				029D8685217A961A00AF23D1 /* Info.plist */,
			);
			path = WeatherTests;
			sourceTree = "<group>";
		};
		029D86A2217B9CE800AF23D1 /* Network */ = {
			isa = PBXGroup;
			children = (
				0208EA06217ECEA90081A41C /* Forecast+Resource.swift */,
				029D8698217B68D600AF23D1 /* ForecastItem+Resource.swift */,
				029D8690217AF0DA00AF23D1 /* HttpMethod.swift */,
				029D8694217AF12800AF23D1 /* HTTPStatusCode.swift */,
				029D8696217AF18300AF23D1 /* Resource.swift */,
				029D8692217AF0FE00AF23D1 /* URLRequest+Resource.swift */,
				029D869C217B6A3900AF23D1 /* WeatherAPIConfig.swift */,
				029D86A0217B7F4500AF23D1 /* Webservice.swift */,
			);
			path = Network;
			sourceTree = "<group>";
		};
/* End PBXGroup section */

/* Begin PBXNativeTarget section */
		029D866A217A961900AF23D1 /* Weather */ = {
			isa = PBXNativeTarget;
			buildConfigurationList = 029D8688217A961A00AF23D1 /* Build configuration list for PBXNativeTarget "Weather" */;
			buildPhases = (
				029D8667217A961900AF23D1 /* Sources */,
				029D8668217A961900AF23D1 /* Frameworks */,
				029D8669217A961900AF23D1 /* Resources */,
			);
			buildRules = (
			);
			dependencies = (
			);
			name = Weather;
			productName = Weather;
			productReference = 029D866B217A961900AF23D1 /* Weather.app */;
			productType = "com.apple.product-type.application";
		};
		029D867E217A961A00AF23D1 /* WeatherTests */ = {
			isa = PBXNativeTarget;
			buildConfigurationList = 029D868B217A961A00AF23D1 /* Build configuration list for PBXNativeTarget "WeatherTests" */;
			buildPhases = (
				029D867B217A961A00AF23D1 /* Sources */,
				029D867C217A961A00AF23D1 /* Frameworks */,
				029D867D217A961A00AF23D1 /* Resources */,
			);
			buildRules = (
			);
			dependencies = (
				029D8681217A961A00AF23D1 /* PBXTargetDependency */,
			);
			name = WeatherTests;
			productName = WeatherTests;
			productReference = 029D867F217A961A00AF23D1 /* WeatherTests.xctest */;
			productType = "com.apple.product-type.bundle.unit-test";
		};
/* End PBXNativeTarget section */

/* Begin PBXProject section */
		029D8663217A961900AF23D1 /* Project object */ = {
			isa = PBXProject;
			attributes = {
				LastSwiftUpdateCheck = 1000;
				LastUpgradeCheck = 1000;
				ORGANIZATIONNAME = "Tales Pinheiro De Andrade";
				TargetAttributes = {
					029D866A217A961900AF23D1 = {
						CreatedOnToolsVersion = 10.0;
					};
					029D867E217A961A00AF23D1 = {
						CreatedOnToolsVersion = 10.0;
						TestTargetID = 029D866A217A961900AF23D1;
					};
				};
			};
			buildConfigurationList = 029D8666217A961900AF23D1 /* Build configuration list for PBXProject "Weather" */;
			compatibilityVersion = "Xcode 9.3";
			developmentRegion = en;
			hasScannedForEncodings = 0;
			knownRegions = (
				en,
				Base,
			);
			mainGroup = 029D8662217A961900AF23D1;
			productRefGroup = 029D866C217A961900AF23D1 /* Products */;
			projectDirPath = "";
			projectRoot = "";
			targets = (
				029D866A217A961900AF23D1 /* Weather */,
				029D867E217A961A00AF23D1 /* WeatherTests */,
			);
		};
/* End PBXProject section */

/* Begin PBXResourcesBuildPhase section */
		029D8669217A961900AF23D1 /* Resources */ = {
			isa = PBXResourcesBuildPhase;
			buildActionMask = 2147483647;
			files = (
				029D8679217A961A00AF23D1 /* LaunchScreen.storyboard in Resources */,
				029D8676217A961A00AF23D1 /* Assets.xcassets in Resources */,
				029D8674217A961900AF23D1 /* Main.storyboard in Resources */,
				021C1DA5218520BD006F0CC6 /* Help.html in Resources */,
				029D86A6217C07F900AF23D1 /* 5day_forecast.json in Resources */,
				029D86A8217C085B00AF23D1 /* today_forecast.json in Resources */,
			);
			runOnlyForDeploymentPostprocessing = 0;
		};
		029D867D217A961A00AF23D1 /* Resources */ = {
			isa = PBXResourcesBuildPhase;
			buildActionMask = 2147483647;
			files = (
			);
			runOnlyForDeploymentPostprocessing = 0;
		};
/* End PBXResourcesBuildPhase section */

/* Begin PBXSourcesBuildPhase section */
		029D8667217A961900AF23D1 /* Sources */ = {
			isa = PBXSourcesBuildPhase;
			buildActionMask = 2147483647;
			files = (
				029D86AA217D5FD800AF23D1 /* CityForecastViewController.swift in Sources */,
				021C1DB121852452006F0CC6 /* Pod.swift in Sources */,
				027E1D292185FE3700F89F4E /* ViewConfiguration.swift in Sources */,
				029D8695217AF12800AF23D1 /* HTTPStatusCode.swift in Sources */,
				021C1DC121852556006F0CC6 /* Snow.swift in Sources */,
				029D8699217B68D600AF23D1 /* ForecastItem+Resource.swift in Sources */,
				021C1DBF21852546006F0CC6 /* Rain.swift in Sources */,
				029D86A1217B7F4500AF23D1 /* Webservice.swift in Sources */,
				029D86AC217D61A600AF23D1 /* Forecast.swift in Sources */,
				0208EA07217ECEA90081A41C /* Forecast+Resource.swift in Sources */,
				029D869B217B6A1000AF23D1 /* Optional.swift in Sources */,
				021C1DB521852494006F0CC6 /* Icon.swift in Sources */,
				021C1DB7218524AB006F0CC6 /* WeatherCondition.swift in Sources */,
				029D8691217AF0DA00AF23D1 /* HttpMethod.swift in Sources */,
				027E1D2F2186555100F89F4E /* WeatherDetailView.swift in Sources */,
				027E1D2D2185FF7300F89F4E /* MapViewController.swift in Sources */,
				029D8671217A961900AF23D1 /* HomeViewController.swift in Sources */,
				021C1DC321852567006F0CC6 /* Sys.swift in Sources */,
				021C1DC521852583006F0CC6 /* Wind.swift in Sources */,
				021C1DB321852471006F0CC6 /* WeatherDescription.swift in Sources */,
				021C1DBD2185252C006F0CC6 /* Weather.swift in Sources */,
				021C1DB9218524DE006F0CC6 /* Clouds.swift in Sources */,
				027E1D2B2185FF3300F89F4E /* UserDefaults.swift in Sources */,
				029D866F217A961900AF23D1 /* AppDelegate.swift in Sources */,
				029D868F217AEF3C00AF23D1 /* ForecastItem.swift in Sources */,
				029D869F217B7C5300AF23D1 /* Coordinates.swift in Sources */,
				021C1DA7218520D5006F0CC6 /* HelpViewController.swift in Sources */,
				029D8693217AF0FE00AF23D1 /* URLRequest+Resource.swift in Sources */,
				029D8697217AF18300AF23D1 /* Resource.swift in Sources */,
				021C1DBB21852510006F0CC6 /* WeatherDetails.swift in Sources */,
				029D86A4217B9E6D00AF23D1 /* City.swift in Sources */,
				029D869D217B6A3900AF23D1 /* WeatherAPIConfig.swift in Sources */,
				CB7BB27318C49FC9570096FF /* WeatherDetailCell.swift in Sources */,
				CB7BB56D87F5F66A6B017456 /* Reusable.swift in Sources */,
				CB7BB6522EDA415296421173 /* UITableView.swift in Sources */,
			);
			runOnlyForDeploymentPostprocessing = 0;
		};
		029D867B217A961A00AF23D1 /* Sources */ = {
			isa = PBXSourcesBuildPhase;
			buildActionMask = 2147483647;
			files = (
				029D8684217A961A00AF23D1 /* WeatherTests.swift in Sources */,
			);
			runOnlyForDeploymentPostprocessing = 0;
		};
/* End PBXSourcesBuildPhase section */

/* Begin PBXTargetDependency section */
		029D8681217A961A00AF23D1 /* PBXTargetDependency */ = {
			isa = PBXTargetDependency;
			target = 029D866A217A961900AF23D1 /* Weather */;
			targetProxy = 029D8680217A961A00AF23D1 /* PBXContainerItemProxy */;
		};
/* End PBXTargetDependency section */

/* Begin PBXVariantGroup section */
		029D8672217A961900AF23D1 /* Main.storyboard */ = {
			isa = PBXVariantGroup;
			children = (
				029D8673217A961900AF23D1 /* Base */,
			);
			name = Main.storyboard;
			sourceTree = "<group>";
		};
		029D8677217A961A00AF23D1 /* LaunchScreen.storyboard */ = {
			isa = PBXVariantGroup;
			children = (
				029D8678217A961A00AF23D1 /* Base */,
			);
			name = LaunchScreen.storyboard;
			sourceTree = "<group>";
		};
/* End PBXVariantGroup section */

/* Begin XCBuildConfiguration section */
		029D8686217A961A00AF23D1 /* Debug */ = {
			isa = XCBuildConfiguration;
			buildSettings = {
				ALWAYS_SEARCH_USER_PATHS = NO;
				CLANG_ANALYZER_NONNULL = YES;
				CLANG_ANALYZER_NUMBER_OBJECT_CONVERSION = YES_AGGRESSIVE;
				CLANG_CXX_LANGUAGE_STANDARD = "gnu++14";
				CLANG_CXX_LIBRARY = "libc++";
				CLANG_ENABLE_MODULES = YES;
				CLANG_ENABLE_OBJC_ARC = YES;
				CLANG_ENABLE_OBJC_WEAK = YES;
				CLANG_WARN_BLOCK_CAPTURE_AUTORELEASING = YES;
				CLANG_WARN_BOOL_CONVERSION = YES;
				CLANG_WARN_COMMA = YES;
				CLANG_WARN_CONSTANT_CONVERSION = YES;
				CLANG_WARN_DEPRECATED_OBJC_IMPLEMENTATIONS = YES;
				CLANG_WARN_DIRECT_OBJC_ISA_USAGE = YES_ERROR;
				CLANG_WARN_DOCUMENTATION_COMMENTS = YES;
				CLANG_WARN_EMPTY_BODY = YES;
				CLANG_WARN_ENUM_CONVERSION = YES;
				CLANG_WARN_INFINITE_RECURSION = YES;
				CLANG_WARN_INT_CONVERSION = YES;
				CLANG_WARN_NON_LITERAL_NULL_CONVERSION = YES;
				CLANG_WARN_OBJC_IMPLICIT_RETAIN_SELF = YES;
				CLANG_WARN_OBJC_LITERAL_CONVERSION = YES;
				CLANG_WARN_OBJC_ROOT_CLASS = YES_ERROR;
				CLANG_WARN_RANGE_LOOP_ANALYSIS = YES;
				CLANG_WARN_STRICT_PROTOTYPES = YES;
				CLANG_WARN_SUSPICIOUS_MOVE = YES;
				CLANG_WARN_UNGUARDED_AVAILABILITY = YES_AGGRESSIVE;
				CLANG_WARN_UNREACHABLE_CODE = YES;
				CLANG_WARN__DUPLICATE_METHOD_MATCH = YES;
				CODE_SIGN_IDENTITY = "iPhone Developer";
				COPY_PHASE_STRIP = NO;
				DEBUG_INFORMATION_FORMAT = dwarf;
				ENABLE_STRICT_OBJC_MSGSEND = YES;
				ENABLE_TESTABILITY = YES;
				GCC_C_LANGUAGE_STANDARD = gnu11;
				GCC_DYNAMIC_NO_PIC = NO;
				GCC_NO_COMMON_BLOCKS = YES;
				GCC_OPTIMIZATION_LEVEL = 0;
				GCC_PREPROCESSOR_DEFINITIONS = (
					"DEBUG=1",
					"$(inherited)",
				);
				GCC_WARN_64_TO_32_BIT_CONVERSION = YES;
				GCC_WARN_ABOUT_RETURN_TYPE = YES_ERROR;
				GCC_WARN_UNDECLARED_SELECTOR = YES;
				GCC_WARN_UNINITIALIZED_AUTOS = YES_AGGRESSIVE;
				GCC_WARN_UNUSED_FUNCTION = YES;
				GCC_WARN_UNUSED_VARIABLE = YES;
				IPHONEOS_DEPLOYMENT_TARGET = 12.0;
				MTL_ENABLE_DEBUG_INFO = INCLUDE_SOURCE;
				MTL_FAST_MATH = YES;
				ONLY_ACTIVE_ARCH = YES;
				SDKROOT = iphoneos;
				SWIFT_ACTIVE_COMPILATION_CONDITIONS = DEBUG;
				SWIFT_OPTIMIZATION_LEVEL = "-Onone";
			};
			name = Debug;
		};
		029D8687217A961A00AF23D1 /* Release */ = {
			isa = XCBuildConfiguration;
			buildSettings = {
				ALWAYS_SEARCH_USER_PATHS = NO;
				CLANG_ANALYZER_NONNULL = YES;
				CLANG_ANALYZER_NUMBER_OBJECT_CONVERSION = YES_AGGRESSIVE;
				CLANG_CXX_LANGUAGE_STANDARD = "gnu++14";
				CLANG_CXX_LIBRARY = "libc++";
				CLANG_ENABLE_MODULES = YES;
				CLANG_ENABLE_OBJC_ARC = YES;
				CLANG_ENABLE_OBJC_WEAK = YES;
				CLANG_WARN_BLOCK_CAPTURE_AUTORELEASING = YES;
				CLANG_WARN_BOOL_CONVERSION = YES;
				CLANG_WARN_COMMA = YES;
				CLANG_WARN_CONSTANT_CONVERSION = YES;
				CLANG_WARN_DEPRECATED_OBJC_IMPLEMENTATIONS = YES;
				CLANG_WARN_DIRECT_OBJC_ISA_USAGE = YES_ERROR;
				CLANG_WARN_DOCUMENTATION_COMMENTS = YES;
				CLANG_WARN_EMPTY_BODY = YES;
				CLANG_WARN_ENUM_CONVERSION = YES;
				CLANG_WARN_INFINITE_RECURSION = YES;
				CLANG_WARN_INT_CONVERSION = YES;
				CLANG_WARN_NON_LITERAL_NULL_CONVERSION = YES;
				CLANG_WARN_OBJC_IMPLICIT_RETAIN_SELF = YES;
				CLANG_WARN_OBJC_LITERAL_CONVERSION = YES;
				CLANG_WARN_OBJC_ROOT_CLASS = YES_ERROR;
				CLANG_WARN_RANGE_LOOP_ANALYSIS = YES;
				CLANG_WARN_STRICT_PROTOTYPES = YES;
				CLANG_WARN_SUSPICIOUS_MOVE = YES;
				CLANG_WARN_UNGUARDED_AVAILABILITY = YES_AGGRESSIVE;
				CLANG_WARN_UNREACHABLE_CODE = YES;
				CLANG_WARN__DUPLICATE_METHOD_MATCH = YES;
				CODE_SIGN_IDENTITY = "iPhone Developer";
				COPY_PHASE_STRIP = NO;
				DEBUG_INFORMATION_FORMAT = "dwarf-with-dsym";
				ENABLE_NS_ASSERTIONS = NO;
				ENABLE_STRICT_OBJC_MSGSEND = YES;
				GCC_C_LANGUAGE_STANDARD = gnu11;
				GCC_NO_COMMON_BLOCKS = YES;
				GCC_WARN_64_TO_32_BIT_CONVERSION = YES;
				GCC_WARN_ABOUT_RETURN_TYPE = YES_ERROR;
				GCC_WARN_UNDECLARED_SELECTOR = YES;
				GCC_WARN_UNINITIALIZED_AUTOS = YES_AGGRESSIVE;
				GCC_WARN_UNUSED_FUNCTION = YES;
				GCC_WARN_UNUSED_VARIABLE = YES;
				IPHONEOS_DEPLOYMENT_TARGET = 12.0;
				MTL_ENABLE_DEBUG_INFO = NO;
				MTL_FAST_MATH = YES;
				SDKROOT = iphoneos;
				SWIFT_COMPILATION_MODE = wholemodule;
				SWIFT_OPTIMIZATION_LEVEL = "-O";
				VALIDATE_PRODUCT = YES;
			};
			name = Release;
		};
		029D8689217A961A00AF23D1 /* Debug */ = {
			isa = XCBuildConfiguration;
			buildSettings = {
				ASSETCATALOG_COMPILER_APPICON_NAME = AppIcon;
				CODE_SIGN_STYLE = Manual;
				DEVELOPMENT_TEAM = "";
				INFOPLIST_FILE = Weather/Info.plist;
				IPHONEOS_DEPLOYMENT_TARGET = 9.0;
				LD_RUNPATH_SEARCH_PATHS = (
					"$(inherited)",
					"@executable_path/Frameworks",
				);
				PRODUCT_BUNDLE_IDENTIFIER = com.talesp.Weather;
				PRODUCT_NAME = "$(TARGET_NAME)";
				PROVISIONING_PROFILE_SPECIFIER = "";
				SWIFT_VERSION = 4.2;
				TARGETED_DEVICE_FAMILY = "1,2";
			};
			name = Debug;
		};
		029D868A217A961A00AF23D1 /* Release */ = {
			isa = XCBuildConfiguration;
			buildSettings = {
				ASSETCATALOG_COMPILER_APPICON_NAME = AppIcon;
				CODE_SIGN_STYLE = Manual;
				DEVELOPMENT_TEAM = "";
				INFOPLIST_FILE = Weather/Info.plist;
				IPHONEOS_DEPLOYMENT_TARGET = 9.0;
				LD_RUNPATH_SEARCH_PATHS = (
					"$(inherited)",
					"@executable_path/Frameworks",
				);
				PRODUCT_BUNDLE_IDENTIFIER = com.talesp.Weather;
				PRODUCT_NAME = "$(TARGET_NAME)";
				PROVISIONING_PROFILE_SPECIFIER = "";
				SWIFT_VERSION = 4.2;
				TARGETED_DEVICE_FAMILY = "1,2";
			};
			name = Release;
		};
		029D868C217A961A00AF23D1 /* Debug */ = {
			isa = XCBuildConfiguration;
			buildSettings = {
				ALWAYS_EMBED_SWIFT_STANDARD_LIBRARIES = YES;
				BUNDLE_LOADER = "$(TEST_HOST)";
				CODE_SIGN_STYLE = Automatic;
				DEVELOPMENT_TEAM = HD5D5529VJ;
				INFOPLIST_FILE = WeatherTests/Info.plist;
				LD_RUNPATH_SEARCH_PATHS = (
					"$(inherited)",
					"@executable_path/Frameworks",
					"@loader_path/Frameworks",
				);
				PRODUCT_BUNDLE_IDENTIFIER = com.talesp.WeatherTests;
				PRODUCT_NAME = "$(TARGET_NAME)";
				SWIFT_VERSION = 4.2;
				TARGETED_DEVICE_FAMILY = "1,2";
				TEST_HOST = "$(BUILT_PRODUCTS_DIR)/Weather.app/Weather";
			};
			name = Debug;
		};
		029D868D217A961A00AF23D1 /* Release */ = {
			isa = XCBuildConfiguration;
			buildSettings = {
				ALWAYS_EMBED_SWIFT_STANDARD_LIBRARIES = YES;
				BUNDLE_LOADER = "$(TEST_HOST)";
				CODE_SIGN_STYLE = Automatic;
				DEVELOPMENT_TEAM = HD5D5529VJ;
				INFOPLIST_FILE = WeatherTests/Info.plist;
				LD_RUNPATH_SEARCH_PATHS = (
					"$(inherited)",
					"@executable_path/Frameworks",
					"@loader_path/Frameworks",
				);
				PRODUCT_BUNDLE_IDENTIFIER = com.talesp.WeatherTests;
				PRODUCT_NAME = "$(TARGET_NAME)";
				SWIFT_VERSION = 4.2;
				TARGETED_DEVICE_FAMILY = "1,2";
				TEST_HOST = "$(BUILT_PRODUCTS_DIR)/Weather.app/Weather";
			};
			name = Release;
		};
/* End XCBuildConfiguration section */

/* Begin XCConfigurationList section */
		029D8666217A961900AF23D1 /* Build configuration list for PBXProject "Weather" */ = {
			isa = XCConfigurationList;
			buildConfigurations = (
				029D8686217A961A00AF23D1 /* Debug */,
				029D8687217A961A00AF23D1 /* Release */,
			);
			defaultConfigurationIsVisible = 0;
			defaultConfigurationName = Release;
		};
		029D8688217A961A00AF23D1 /* Build configuration list for PBXNativeTarget "Weather" */ = {
			isa = XCConfigurationList;
			buildConfigurations = (
				029D8689217A961A00AF23D1 /* Debug */,
				029D868A217A961A00AF23D1 /* Release */,
			);
			defaultConfigurationIsVisible = 0;
			defaultConfigurationName = Release;
		};
		029D868B217A961A00AF23D1 /* Build configuration list for PBXNativeTarget "WeatherTests" */ = {
			isa = XCConfigurationList;
			buildConfigurations = (
				029D868C217A961A00AF23D1 /* Debug */,
				029D868D217A961A00AF23D1 /* Release */,
			);
			defaultConfigurationIsVisible = 0;
			defaultConfigurationName = Release;
		};
/* End XCConfigurationList section */
	};
	rootObject = 029D8663217A961900AF23D1 /* Project object */;
}
